{
  "version": 4,
  "terraform_version": "1.4.4",
  "serial": 34,
  "lineage": "53be0f92-7eb4-d106-17d9-ede2208ad822",
  "outputs": {
    "kubernetes_cluster_host": {
      "value": "34.92.146.181",
      "type": "string"
    },
    "kubernetes_cluster_name": {
      "value": "a02-terraform-gke",
      "type": "string"
    },
    "project_id": {
      "value": "a02-terraform",
      "type": "string"
    },
    "region": {
      "value": "asia-east2",
      "type": "string"
    }
  },
  "resources": [
    {
      "mode": "managed",
      "type": "google_compute_instance",
      "name": "vm",
      "provider": "provider[\"registry.terraform.io/hashicorp/google\"]",
      "instances": [
        {
          "schema_version": 6,
          "attributes": {
            "advanced_machine_features": [],
            "allow_stopping_for_update": null,
            "attached_disk": [],
            "boot_disk": [
              {
                "auto_delete": true,
                "device_name": "persistent-disk-0",
                "disk_encryption_key_raw": "",
                "disk_encryption_key_sha256": "",
                "initialize_params": [
                  {
                    "image": "https://www.googleapis.com/compute/v1/projects/debian-cloud/global/images/debian-11-bullseye-v20230411",
                    "labels": {},
                    "size": 10,
                    "type": "pd-standard"
                  }
                ],
                "kms_key_self_link": "",
                "mode": "READ_WRITE",
                "source": "https://www.googleapis.com/compute/v1/projects/a02-terraform/zones/asia-east2-a/disks/my-vm"
              }
            ],
            "can_ip_forward": false,
            "confidential_instance_config": [],
            "cpu_platform": "Intel Skylake",
            "current_status": "RUNNING",
            "deletion_protection": false,
            "description": "",
            "desired_status": null,
            "enable_display": false,
            "guest_accelerator": [],
            "hostname": "",
            "id": "projects/a02-terraform/zones/asia-east2-a/instances/my-vm",
            "instance_id": "7161028233068222726",
            "label_fingerprint": "42WmSpB8rSM=",
            "labels": null,
            "machine_type": "n1-standard-1",
            "metadata": null,
            "metadata_fingerprint": "2HECRxI0QbU=",
            "metadata_startup_script": null,
            "min_cpu_platform": "",
            "name": "my-vm",
            "network_interface": [
              {
                "access_config": [
                  {
                    "nat_ip": "34.150.73.25",
                    "network_tier": "PREMIUM",
                    "public_ptr_domain_name": ""
                  }
                ],
                "alias_ip_range": [],
                "ipv6_access_config": [],
                "ipv6_access_type": "",
                "name": "nic0",
                "network": "https://www.googleapis.com/compute/v1/projects/a02-terraform/global/networks/a02-terraform-vpc",
                "network_ip": "10.10.1.2",
                "nic_type": "",
                "queue_count": 0,
                "stack_type": "IPV4_ONLY",
                "subnetwork": "https://www.googleapis.com/compute/v1/projects/a02-terraform/regions/asia-east2/subnetworks/a02-terraform-subnet2",
                "subnetwork_project": "a02-terraform"
              }
            ],
            "project": "a02-terraform",
            "reservation_affinity": [],
            "resource_policies": null,
            "scheduling": [
              {
                "automatic_restart": true,
                "min_node_cpus": 0,
                "node_affinities": [],
                "on_host_maintenance": "MIGRATE",
                "preemptible": false,
                "provisioning_model": "STANDARD"
              }
            ],
            "scratch_disk": [],
            "self_link": "https://www.googleapis.com/compute/v1/projects/a02-terraform/zones/asia-east2-a/instances/my-vm",
            "service_account": [],
            "shielded_instance_config": [
              {
                "enable_integrity_monitoring": true,
                "enable_secure_boot": false,
                "enable_vtpm": true
              }
            ],
            "tags": null,
            "tags_fingerprint": "42WmSpB8rSM=",
            "timeouts": null,
            "zone": "asia-east2-a"
          },
          "sensitive_attributes": [],
          "private": "eyJlMmJmYjczMC1lY2FhLTExZTYtOGY4OC0zNDM2M2JjN2M0YzAiOnsiY3JlYXRlIjoxMjAwMDAwMDAwMDAwLCJkZWxldGUiOjEyMDAwMDAwMDAwMDAsInVwZGF0ZSI6MTIwMDAwMDAwMDAwMH0sInNjaGVtYV92ZXJzaW9uIjoiNiJ9",
          "dependencies": [
            "google_compute_network.vpc",
            "google_compute_subnetwork.subnet2"
          ]
        }
      ]
    },
    {
      "mode": "managed",
      "type": "google_compute_network",
      "name": "vpc",
      "provider": "provider[\"registry.terraform.io/hashicorp/google\"]",
      "instances": [
        {
          "schema_version": 0,
          "attributes": {
            "auto_create_subnetworks": false,
            "delete_default_routes_on_create": false,
            "description": "",
            "enable_ula_internal_ipv6": false,
            "gateway_ipv4": "",
            "id": "projects/a02-terraform/global/networks/a02-terraform-vpc",
            "internal_ipv6_range": "",
            "mtu": 0,
            "name": "a02-terraform-vpc",
            "project": "a02-terraform",
            "routing_mode": "REGIONAL",
            "self_link": "https://www.googleapis.com/compute/v1/projects/a02-terraform/global/networks/a02-terraform-vpc",
            "timeouts": null
          },
          "sensitive_attributes": [],
          "private": "eyJlMmJmYjczMC1lY2FhLTExZTYtOGY4OC0zNDM2M2JjN2M0YzAiOnsiY3JlYXRlIjoxMjAwMDAwMDAwMDAwLCJkZWxldGUiOjEyMDAwMDAwMDAwMDAsInVwZGF0ZSI6MTIwMDAwMDAwMDAwMH19"
        }
      ]
    },
    {
      "mode": "managed",
      "type": "google_compute_subnetwork",
      "name": "subnet",
      "provider": "provider[\"registry.terraform.io/hashicorp/google\"]",
      "instances": [
        {
          "schema_version": 0,
          "attributes": {
            "creation_timestamp": "2023-04-18T07:23:14.559-07:00",
            "description": "",
            "external_ipv6_prefix": "",
            "fingerprint": null,
            "gateway_address": "10.10.0.1",
            "id": "projects/a02-terraform/regions/asia-east2/subnetworks/a02-terraform-subnet",
            "ip_cidr_range": "10.10.0.0/24",
            "ipv6_access_type": "",
            "ipv6_cidr_range": "",
            "log_config": [],
            "name": "a02-terraform-subnet",
            "network": "https://www.googleapis.com/compute/v1/projects/a02-terraform/global/networks/a02-terraform-vpc",
            "private_ip_google_access": false,
            "private_ipv6_google_access": "DISABLE_GOOGLE_ACCESS",
            "project": "a02-terraform",
            "purpose": "PRIVATE",
            "region": "asia-east2",
            "role": "",
            "secondary_ip_range": [],
            "self_link": "https://www.googleapis.com/compute/v1/projects/a02-terraform/regions/asia-east2/subnetworks/a02-terraform-subnet",
            "stack_type": "IPV4_ONLY",
            "timeouts": null
          },
          "sensitive_attributes": [],
          "private": "eyJlMmJmYjczMC1lY2FhLTExZTYtOGY4OC0zNDM2M2JjN2M0YzAiOnsiY3JlYXRlIjoxMjAwMDAwMDAwMDAwLCJkZWxldGUiOjEyMDAwMDAwMDAwMDAsInVwZGF0ZSI6MTIwMDAwMDAwMDAwMH19",
          "dependencies": [
            "google_compute_network.vpc"
          ]
        }
      ]
    },
    {
      "mode": "managed",
      "type": "google_compute_subnetwork",
      "name": "subnet2",
      "provider": "provider[\"registry.terraform.io/hashicorp/google\"]",
      "instances": [
        {
          "schema_version": 0,
          "attributes": {
            "creation_timestamp": "2023-04-18T07:23:15.033-07:00",
            "description": "",
            "external_ipv6_prefix": "",
            "fingerprint": null,
            "gateway_address": "10.10.1.1",
            "id": "projects/a02-terraform/regions/asia-east2/subnetworks/a02-terraform-subnet2",
            "ip_cidr_range": "10.10.1.0/24",
            "ipv6_access_type": "",
            "ipv6_cidr_range": "",
            "log_config": [],
            "name": "a02-terraform-subnet2",
            "network": "https://www.googleapis.com/compute/v1/projects/a02-terraform/global/networks/a02-terraform-vpc",
            "private_ip_google_access": false,
            "private_ipv6_google_access": "DISABLE_GOOGLE_ACCESS",
            "project": "a02-terraform",
            "purpose": "PRIVATE",
            "region": "asia-east2",
            "role": "",
            "secondary_ip_range": [],
            "self_link": "https://www.googleapis.com/compute/v1/projects/a02-terraform/regions/asia-east2/subnetworks/a02-terraform-subnet2",
            "stack_type": "IPV4_ONLY",
            "timeouts": null
          },
          "sensitive_attributes": [],
          "private": "eyJlMmJmYjczMC1lY2FhLTExZTYtOGY4OC0zNDM2M2JjN2M0YzAiOnsiY3JlYXRlIjoxMjAwMDAwMDAwMDAwLCJkZWxldGUiOjEyMDAwMDAwMDAwMDAsInVwZGF0ZSI6MTIwMDAwMDAwMDAwMH19",
          "dependencies": [
            "google_compute_network.vpc"
          ]
        }
      ]
    },
    {
      "mode": "managed",
      "type": "google_container_cluster",
      "name": "primary",
      "provider": "provider[\"registry.terraform.io/hashicorp/google\"]",
      "instances": [
        {
          "schema_version": 1,
          "attributes": {
            "addons_config": [
              {
                "cloudrun_config": [],
                "gcp_filestore_csi_driver_config": [],
                "horizontal_pod_autoscaling": [],
                "http_load_balancing": [],
                "network_policy_config": [
                  {
                    "disabled": true
                  }
                ]
              }
            ],
            "authenticator_groups_config": [],
            "cluster_autoscaling": [
              {
                "auto_provisioning_defaults": [],
                "enabled": false,
                "resource_limits": []
              }
            ],
            "cluster_ipv4_cidr": "10.240.0.0/14",
            "confidential_nodes": [],
            "database_encryption": [
              {
                "key_name": "",
                "state": "DECRYPTED"
              }
            ],
            "datapath_provider": "",
            "default_max_pods_per_node": null,
            "default_snat_status": [
              {
                "disabled": false
              }
            ],
            "description": "",
            "dns_config": [],
            "enable_autopilot": false,
            "enable_binary_authorization": false,
            "enable_intranode_visibility": false,
            "enable_kubernetes_alpha": false,
            "enable_legacy_abac": false,
            "enable_shielded_nodes": true,
            "enable_tpu": false,
            "endpoint": "34.92.146.181",
            "id": "projects/a02-terraform/locations/asia-east2-a/clusters/a02-terraform-gke",
            "initial_node_count": 1,
            "ip_allocation_policy": [],
            "label_fingerprint": "a9dc16a7",
            "location": "asia-east2-a",
            "logging_config": [
              {
                "enable_components": [
                  "SYSTEM_COMPONENTS",
                  "WORKLOADS"
                ]
              }
            ],
            "logging_service": "logging.googleapis.com/kubernetes",
            "maintenance_policy": [],
            "master_auth": [
              {
                "client_certificate": "",
                "client_certificate_config": [
                  {
                    "issue_client_certificate": false
                  }
                ],
                "client_key": "",
                "cluster_ca_certificate": "LS0tLS1CRUdJTiBDRVJUSUZJQ0FURS0tLS0tCk1JSUVMVENDQXBXZ0F3SUJBZ0lSQUt5ZEtZQ2djZGhkanI4Tkh4M2ZtQjh3RFFZSktvWklodmNOQVFFTEJRQXcKTHpFdE1Dc0dBMVVFQXhNa01UVmlZalF5WkdZdE5HSmtNQzAwWlROaUxUazJNRFF0WVRFellXWXpaVGN4TmpNegpNQ0FYRFRJek1EUXhPREV6TWpNek4xb1lEekl3TlRNd05ERXdNVFF5TXpNM1dqQXZNUzB3S3dZRFZRUURFeVF4Ck5XSmlOREprWmkwMFltUXdMVFJsTTJJdE9UWXdOQzFoTVROaFpqTmxOekUyTXpNd2dnR2lNQTBHQ1NxR1NJYjMKRFFFQkFRVUFBNElCandBd2dnR0tBb0lCZ1FDcktITEcrcmRseFJySUtlMzdHT3UyK204a3hwLzRqNU03UERpWQp2Wk9oNGtWMWgvQ281SzlOV2pqNi9qT0ZTTXN0TGhDNVhWY0IrSXFHenM0dzJDdGNvMUVvS08wRHErcm11cjZvCnpSTUNNbExvT1dmeXZpN0tPUmpwakZNRXRpTm1qRFhFMjBiSElZRzg0SW9HcG5oRWpFcElseldjeWFRdExiWi8KQnNVYkRobGFmdFlScTNJTEdtWjRqOHRESkJHYjAxY0dlYWttVG14dmNlYXpxS0ZaWVRHa3JQQjFlQzBZZFRTeApTRmJkajYxWHRtN2VkL1NUNEZyMDhYU1M1WUUyYkVpUS8xd3BwMjVYSm9acHZ4bXdmS2pPY1FYNU5pQkRmOTNlCm4vSUVheFozNy9lc1ViWEVZeXRIVkZKYWVPajI1cS9DTEhRd2lzQ2ZvMGlyeW1OeVVZQnQ4Qnh3SkJPZldqeE8KdThEUFNjTUtLS0dYSVpYUTkxVm55dHBNaWs5ZkNkcGRYcnRtQm4yV3BiRjZxRzcxK0FJMUI1dmNVVW9RMEwveQpoVmtCQ3BEMmFVVVdzdG10dUtEQmV4YkdkUG1rOTk1REl3QzdCVjVQS3NDSUYxNWxqRHBMZ0dQcnAvQTgyVXFSCk9wK2wwNXErWDM3emh0LzRTbkJ2dkJuNE5Ma0NBd0VBQWFOQ01FQXdEZ1lEVlIwUEFRSC9CQVFEQWdJRU1BOEcKQTFVZEV3RUIvd1FGTUFNQkFmOHdIUVlEVlIwT0JCWUVGRFNmTEpwYkMwNXB3cGRCaXpxVzFPNVA1U294TUEwRwpDU3FHU0liM0RRRUJDd1VBQTRJQmdRQlVXdmlMUFlPbzNrVDBHNlNjZnYwNmEvTnpybm5jRU1Va1Q0VWdzbmsxClhNZmtVNGtOT2FnNFZHdFNxSS95ZU81VGxid1RPZGJWakJUc2syaUFuS3poTTZsQUtlTUxqZHZaa2lVaGNYWVgKU3pCWjNBWFRLVEd0ZHcrWWl6eFFVYTc2eXRSaEZLVmxGeTl0OE1Gelc3OWpiU2wwYWF4ZC84b1IxMHNtQ3B2UQo3NngvTlhEU0J6WW1HTlI0M0hkd1MwTGJRazQrL2NuSUVBVlY2cFJBbUp0aUpaL3pzLzZmUVJQdjBJTFV0Z3plCjg2N1p6a0ZkR3VubnFzK0VtWkxNK0ZuOVVUYkhMdWdmMUI1YWNUQjZuS2xzNXI4N29zWHE0alR2TXkrc3lqWkgKbEhRSGF6NFZWTG9rckhMaU9iK3RKZlhLK1d6aU1ib21QaW9xa2hnVFd2a3J4cFIxTzRjMzVJQzQ2Ny93VDQzRgozTHlmZlhISVBIbS83My9YclVvV1NJZUJjTU5FNERueW9xbFgzTGF5QU1xVmI5TEJUU1ZvSzBwV01jWm1BL0VlCkVhVDlTNmFzalVXTmtWR3N0Y0x1bXRmUzZEeUV1dE9pM0FXbGE5ZTlOS2hqWmQ2SFJQNjI5TGoxMkI2WFNFMFYKKzlxY3ArSlNjc0szZVgwc09iNkJZNWM9Ci0tLS0tRU5EIENFUlRJRklDQVRFLS0tLS0K"
              }
            ],
            "master_authorized_networks_config": [],
            "master_version": "1.24.9-gke.3200",
            "min_master_version": null,
            "monitoring_config": [
              {
                "enable_components": [
                  "SYSTEM_COMPONENTS"
                ]
              }
            ],
            "monitoring_service": "monitoring.googleapis.com/kubernetes",
            "name": "a02-terraform-gke",
            "network": "projects/a02-terraform/global/networks/a02-terraform-vpc",
            "network_policy": [
              {
                "enabled": false,
                "provider": "PROVIDER_UNSPECIFIED"
              }
            ],
            "networking_mode": "ROUTES",
            "node_config": [],
            "node_locations": [],
            "node_pool": [],
            "node_version": "1.24.9-gke.3200",
            "operation": null,
            "private_cluster_config": [
              {
                "enable_private_endpoint": false,
                "enable_private_nodes": false,
                "master_global_access_config": [
                  {
                    "enabled": false
                  }
                ],
                "master_ipv4_cidr_block": "",
                "peering_name": "",
                "private_endpoint": "10.10.0.2",
                "public_endpoint": "34.92.146.181"
              }
            ],
            "private_ipv6_google_access": "",
            "project": "a02-terraform",
            "release_channel": [
              {
                "channel": "REGULAR"
              }
            ],
            "remove_default_node_pool": true,
            "resource_labels": null,
            "resource_usage_export_config": [],
            "self_link": "https://container.googleapis.com/v1/projects/a02-terraform/zones/asia-east2-a/clusters/a02-terraform-gke",
            "services_ipv4_cidr": "10.243.240.0/20",
            "subnetwork": "projects/a02-terraform/regions/asia-east2/subnetworks/a02-terraform-subnet",
            "timeouts": null,
            "tpu_ipv4_cidr_block": "",
            "vertical_pod_autoscaling": [],
            "workload_identity_config": []
          },
          "sensitive_attributes": [],
          "private": "eyJlMmJmYjczMC1lY2FhLTExZTYtOGY4OC0zNDM2M2JjN2M0YzAiOnsiY3JlYXRlIjoyNDAwMDAwMDAwMDAwLCJkZWxldGUiOjI0MDAwMDAwMDAwMDAsInJlYWQiOjI0MDAwMDAwMDAwMDAsInVwZGF0ZSI6MzYwMDAwMDAwMDAwMH0sInNjaGVtYV92ZXJzaW9uIjoiMSJ9",
          "dependencies": [
            "google_compute_network.vpc",
            "google_compute_subnetwork.subnet"
          ]
        }
      ]
    },
    {
      "mode": "managed",
      "type": "google_container_node_pool",
      "name": "primary_nodes",
      "provider": "provider[\"registry.terraform.io/hashicorp/google\"]",
      "instances": [
        {
          "schema_version": 1,
          "attributes": {
            "autoscaling": [],
            "cluster": "a02-terraform-gke",
            "id": "projects/a02-terraform/locations/asia-east2-a/clusters/a02-terraform-gke/nodePools/a02-terraform-gke",
            "initial_node_count": 2,
            "instance_group_urls": [
              "https://www.googleapis.com/compute/v1/projects/a02-terraform/zones/asia-east2-a/instanceGroupManagers/gke-a02-terraform-gk-a02-terraform-gk-dca0dea5-grp"
            ],
            "location": "asia-east2-a",
            "managed_instance_group_urls": [
              "https://www.googleapis.com/compute/v1/projects/a02-terraform/zones/asia-east2-a/instanceGroups/gke-a02-terraform-gk-a02-terraform-gk-dca0dea5-grp"
            ],
            "management": [
              {
                "auto_repair": true,
                "auto_upgrade": true
              }
            ],
            "max_pods_per_node": null,
            "name": "a02-terraform-gke",
            "name_prefix": "",
            "node_config": [
              {
                "boot_disk_kms_key": "",
                "disk_size_gb": 100,
                "disk_type": "pd-balanced",
                "gcfs_config": [],
                "guest_accelerator": [],
                "gvnic": [],
                "image_type": "COS_CONTAINERD",
                "labels": {
                  "env": "a02-terraform"
                },
                "local_ssd_count": 0,
                "machine_type": "n1-standard-1",
                "metadata": {
                  "disable-legacy-endpoints": "true"
                },
                "min_cpu_platform": "",
                "node_group": "",
                "oauth_scopes": [
                  "https://www.googleapis.com/auth/logging.write",
                  "https://www.googleapis.com/auth/monitoring"
                ],
                "preemptible": false,
                "service_account": "default",
                "shielded_instance_config": [
                  {
                    "enable_integrity_monitoring": true,
                    "enable_secure_boot": false
                  }
                ],
                "spot": false,
                "tags": [
                  "gke-node",
                  "a02-terraform-gke"
                ],
                "taint": [],
                "workload_metadata_config": []
              }
            ],
            "node_count": 2,
            "node_locations": [
              "asia-east2-a"
            ],
            "operation": null,
            "project": "a02-terraform",
            "timeouts": null,
            "upgrade_settings": [
              {
                "max_surge": 1,
                "max_unavailable": 0
              }
            ],
            "version": "1.24.9-gke.3200"
          },
          "sensitive_attributes": [],
          "private": "eyJlMmJmYjczMC1lY2FhLTExZTYtOGY4OC0zNDM2M2JjN2M0YzAiOnsiY3JlYXRlIjoxODAwMDAwMDAwMDAwLCJkZWxldGUiOjE4MDAwMDAwMDAwMDAsInVwZGF0ZSI6MTgwMDAwMDAwMDAwMH0sInNjaGVtYV92ZXJzaW9uIjoiMSJ9",
          "dependencies": [
            "google_compute_network.vpc",
            "google_compute_subnetwork.subnet",
            "google_container_cluster.primary"
          ]
        }
      ]
    }
  ],
  "check_results": null
}
